name: chemsearch
channels:
  - bioconda
  - r
  - defaults
  - conda-forge
dependencies:
  - aiohttp=3.7.3=py39hcbf5805_1
  - async-timeout=3.0.1=py_1000
  - attrs=20.3.0=pyhd3deb0d_0
  - beautifulsoup4=4.9.3=pyhb0f4dca_0
  - bleach=3.2.2=pyh44b312d_0
  - boost=1.74.0=py39ha641261_3
  - boost-cpp=1.74.0=h43a636a_2
  - brotlipy=0.7.0=py39hcbf5805_1001
  - bzip2=1.0.8=hc929b4f_4
  - c-ares=1.17.1=hc929b4f_0
  - ca-certificates=2020.12.5=h033912b_0
  - cachetools=4.2.1=pyhd8ed1ab_0
  - cairo=1.16.0=h4ec454a_1007
  - certifi=2020.12.5=py39h6e9494a_1
  - cffi=1.14.4=py39h7786acb_1
  - chardet=3.0.4=py39h2c36a5b_1008
  - click=7.1.2=pyh9f0ad1d_0
  - cryptography=3.3.1=py39h79a2c39_1
  - cycler=0.10.0=py_2
  - dominate=2.4.0=py_0
  - flask=1.1.2=pyh9f0ad1d_0
  - flask-bootstrap=3.3.7.1=py_0
  - flask-login=0.5.0=pyh9f0ad1d_0
  - flask-moment=0.7.0=py_0
  - flask-sqlalchemy=2.4.4=pyh9f0ad1d_0
  - flask-wtf=0.14.3=py_0
  - fontconfig=2.13.1=hd23ceaa_1004
  - freetype=2.10.4=h4cff582_1
  - gettext=0.19.8.1=h7937167_1005
  - gevent=21.1.2=py39hcbf5805_0
  - google-api-core=1.22.4=pyh9f0ad1d_0
  - google-api-python-client=1.12.8=pyhd3deb0d_0
  - google-auth=1.24.0=pyhd3deb0d_0
  - google-auth-httplib2=0.0.4=pyh9f0ad1d_0
  - googleapis-common-protos=1.52.0=py39h6e9494a_1
  - greenlet=0.4.17=py39hcbf5805_2
  - gunicorn=20.0.4=py39h6e9494a_3
  - httplib2=0.18.1=pyh9f0ad1d_0
  - icu=68.1=h74dc148_0
  - idna=2.10=pyh9f0ad1d_0
  - importlib-metadata=3.4.0=py39h6e9494a_0
  - itsdangerous=1.1.0=py_0
  - jinja2=2.11.2=pyh9f0ad1d_0
  - jpeg=9d=hbcb3906_0
  - kiwisolver=1.3.1=py39hedf5dff_1
  - lcms2=2.11=h11f7e16_1
  - libblas=3.9.0=7_openblas
  - libcblas=3.9.0=7_openblas
  - libcxx=11.0.1=habf9029_0
  - libev=4.33=haf1e3a3_1
  - libffi=3.3=h046ec9c_2
  - libgfortran=5.0.0=9_3_0_h6c81a4c_17
  - libgfortran5=9.3.0=h6c81a4c_17
  - libglib=2.66.4=h7424822_2
  - libiconv=1.16=haf1e3a3_0
  - liblapack=3.9.0=7_openblas
  - libopenblas=0.3.12=openmp_h54245bb_1
  - libpng=1.6.37=h7cec526_2
  - libprotobuf=3.14.0=hfd3ada9_0
  - libtiff=4.2.0=h355d032_0
  - libuv=1.40.0=h35c211d_0
  - libwebp-base=1.1.0=hbcb3906_3
  - libxml2=2.9.10=h802ca4f_3
  - llvm-openmp=11.0.1=h7c73e74_0
  - lz4-c=1.9.3=h046ec9c_0
  - markdown=3.3.3=pyh9f0ad1d_0
  - markupsafe=1.1.1=py39hcbf5805_3
  - matplotlib=3.3.3=py39h6e9494a_0
  - matplotlib-base=3.3.3=py39hfe19100_0
  - multidict=5.1.0=py39hcbf5805_1
  - ncurses=6.2=h2e338ed_4
  - numpy=1.19.5=py39he588a01_1
  - oauth2client=4.1.3=py_0
  - olefile=0.46=pyh9f0ad1d_1
  - openbabel=3.1.1=py39hd5b7f93_1
  - openssl=1.1.1i=h35c211d_0
  - packaging=20.8=pyhd3deb0d_0
  - pandas=1.2.1=py39h089d6f7_0
  - pcre=8.44=hb1e8313_0
  - pillow=8.1.0=py39hc06e9b5_1
  - pip=21.0=pyhd8ed1ab_0
  - pixman=0.40.0=hbcb3906_0
  - protobuf=3.14.0=py39h81cd7d3_1
  - pyasn1=0.4.8=py_0
  - pyasn1-modules=0.2.7=py_0
  - pycairo=1.20.0=py39h6116968_1
  - pycparser=2.20=pyh9f0ad1d_2
  - pyopenssl=20.0.1=pyhd8ed1ab_0
  - pyparsing=2.4.7=pyh9f0ad1d_0
  - pysocks=1.7.1=py39h6e9494a_3
  - python=3.9.1=h2502468_5_cpython
  - python-dateutil=2.8.1=py_0
  - python-dotenv=0.15.0=pyhd8ed1ab_0
  - python_abi=3.9=1_cp39
  - pytz=2020.5=pyhd8ed1ab_0
  - pyyaml=5.4.1=py39hcbf5805_0
  - rauth=0.7.3=py_0
  - rdkit=2020.09.4=py39h8086347_0
  - readline=8.0=h0678c8f_2
  - reportlab=3.5.60=py39h172061d_0
  - requests=2.25.1=pyhd3deb0d_0
  - rsa=4.7=pyhd3deb0d_0
  - setuptools=49.6.0=py39h6e9494a_3
  - simplejson=3.17.2=py39hcbf5805_2
  - six=1.15.0=pyh9f0ad1d_0
  - soupsieve=2.0.1=py_1
  - sqlalchemy=1.3.22=py39hcbf5805_1
  - sqlite=3.34.0=h17101e1_0
  - tk=8.6.10=h0419947_1
  - tornado=6.1=py39hcbf5805_1
  - typing-extensions=3.7.4.3=0
  - typing_extensions=3.7.4.3=py_0
  - tzdata=2021a=he74cb21_0
  - uritemplate=3.0.1=py_0
  - urllib3=1.26.2=pyhd8ed1ab_0
  - visitor=0.1.3=pyh9f0ad1d_1
  - webencodings=0.5.1=py_1
  - werkzeug=1.0.1=pyh9f0ad1d_0
  - wheel=0.36.2=pyhd3deb0d_0
  - wtforms=2.3.2=pyh9f0ad1d_0
  - xz=5.2.5=haf1e3a3_1
  - yaml=0.2.5=haf1e3a3_0
  - yarl=1.6.3=py39hcbf5805_1
  - zipp=3.4.0=py_0
  - zlib=1.2.11=h7795811_1010
  - zope.event=4.5.0=pyh9f0ad1d_0
  - zope.interface=5.2.0=py39hcbf5805_1
  - zstd=1.4.8=hf387650_1
  - pip:
    - alembic==1.5.2
    - appnope==0.1.2
    - backcall==0.2.0
    - decorator==4.4.2
    - flask-migrate==2.6.0
    - flask-shell-ipython==0.4.1
    - google-auth-oauthlib==0.4.2
    - gspread==3.6.0
    - ipython==7.19.0
    - ipython-genutils==0.2.0
    - jedi==0.18.0
    - mako==1.1.4
    - more-itertools==8.6.0
    - oauthlib==3.1.0
    - parso==0.8.1
    - pexpect==4.8.0
    - pickleshare==0.7.5
    - prompt-toolkit==3.0.14
    - ptyprocess==0.7.0
    - pygments==2.7.4
    - pyscaffold==3.3.1
    - python-editor==1.0.4
    - requests-oauthlib==1.3.0
    - traitlets==5.0.5
    - wcwidth==0.2.5
